# This file is automatically @generated by Poetry 1.6.1 and should not be changed by hand.

[[package]]
name = "matic-release"
version = "0.1.0"
description = ""
optional = false
python-versions = "^3.11"
files = []
develop = false

[package.source]
type = "git"
url = "https://github.com/fancy-crud/matic-release.git"
reference = "HEAD"
resolved_reference = "4cbfb08c79b8452258c326d467866af684831f32"

[metadata]
lock-version = "2.0"
python-versions = "^3.11"
content-hash = "9336d48b8d2f95f2763d29f92e52435111295e708239fe0c8d37801df257d06c"
